
Microsoft Visual Studio Solution File, Format Version 12.00
# Visual Studio Version 17
VisualStudioVersion = 17.5.002.0
MinimumVisualStudioVersion = 10.0.40219.1
Project("{9A19103F-16F7-4668-BE54-9A1E7A4F7556}") = "DOTNET_PROJECT", "DOTNET_PROJECT.csproj", "{5082AE17-4B24-4552-8508-30C08BF573C5}"
EndProject
Global
	GlobalSection(SolutionConfigurationPlatforms) = preSolution
		Debug|Any CPU = Debug|Any CPU
		Release|Any CPU = Release|Any CPU
	EndGlobalSection
	GlobalSection(ProjectConfigurationPlatforms) = postSolution
		{5082AE17-4B24-4552-8508-30C08BF573C5}.Debug|Any CPU.ActiveCfg = Debug|Any CPU
		{5082AE17-4B24-4552-8508-30C08BF573C5}.Debug|Any CPU.Build.0 = Debug|Any CPU
		{5082AE17-4B24-4552-8508-30C08BF573C5}.Release|Any CPU.ActiveCfg = Release|Any CPU
		{5082AE17-4B24-4552-8508-30C08BF573C5}.Release|Any CPU.Build.0 = Release|Any CPU
	EndGlobalSection
	GlobalSection(SolutionProperties) = preSolution
		HideSolutionNode = FALSE
	EndGlobalSection
	GlobalSection(ExtensibilityGlobals) = postSolution
		SolutionGuid = {BEB754D0-4A94-407E-8BA5-EDB7B54BF496}
	EndGlobalSection
EndGlobal
